
Microsoft Visual Studio Solution File, Format Version 12.00
# Visual Studio Version 17
VisualStudioVersion = 17.13.35919.96 d17.13
MinimumVisualStudioVersion = 10.0.40219.1
Project("{FAE04EC0-301F-11D3-BF4B-00C04F79EFBC}") = "dependencyfinder", "dependencyfinder\dependencyfinder.csproj", "{931679B1-3BE3-4688-A7A9-4793A2AE04CC}"
EndProject
Global
	GlobalSection(SolutionConfigurationPlatforms) = preSolution
		Debug|Any CPU = Debug|Any CPU
		Release|Any CPU = Release|Any CPU
	EndGlobalSection
	GlobalSection(ProjectConfigurationPlatforms) = postSolution
		{931679B1-3BE3-4688-A7A9-4793A2AE04CC}.Debug|Any CPU.ActiveCfg = Debug|Any CPU
		{931679B1-3BE3-4688-A7A9-4793A2AE04CC}.Debug|Any CPU.Build.0 = Debug|Any CPU
		{931679B1-3BE3-4688-A7A9-4793A2AE04CC}.Release|Any CPU.ActiveCfg = Release|Any CPU
		{931679B1-3BE3-4688-A7A9-4793A2AE04CC}.Release|Any CPU.Build.0 = Release|Any CPU
	EndGlobalSection
	GlobalSection(SolutionProperties) = preSolution
		HideSolutionNode = FALSE
	EndGlobalSection
	GlobalSection(ExtensibilityGlobals) = postSolution
		SolutionGuid = {01E052B7-EEE2-4864-AAA6-99E90813729E}
	EndGlobalSection
EndGlobal
